
Microsoft Visual Studio Solution File, Format Version 12.00
# Visual Studio Version 17
VisualStudioVersion = 17.9.34622.214
MinimumVisualStudioVersion = 10.0.40219.1
Project("{9A19103F-16F7-4668-BE54-9A1E7A4F7556}") = "LogicaNegocio", "LogicaNegocio\LogicaNegocio.csproj", "{878BD700-FB44-4DB6-ADD4-B17EB2E46450}"
EndProject
Project("{9A19103F-16F7-4668-BE54-9A1E7A4F7556}") = "LogicaDatos", "LogicaDatos\LogicaDatos.csproj", "{37207B50-6288-4279-8160-0717400C3413}"
EndProject
Project("{9A19103F-16F7-4668-BE54-9A1E7A4F7556}") = "LogicaAplicacion", "LogicaAplicacion\LogicaAplicacion.csproj", "{6F0C3852-01F3-4BFC-A650-40E3553CC219}"
EndProject
Project("{9A19103F-16F7-4668-BE54-9A1E7A4F7556}") = "DTOs", "DTOs\DTOs.csproj", "{AD9D80AF-FF77-44AE-991C-C93C5EDFB464}"
EndProject
Project("{9A19103F-16F7-4668-BE54-9A1E7A4F7556}") = "WebApi", "WebApi\WebApi.csproj", "{D6384FE1-3AF0-4BFA-BA20-1C3A77E1D540}"
EndProject
Global
	GlobalSection(SolutionConfigurationPlatforms) = preSolution
		Debug|Any CPU = Debug|Any CPU
		Release|Any CPU = Release|Any CPU
	EndGlobalSection
	GlobalSection(ProjectConfigurationPlatforms) = postSolution
		{878BD700-FB44-4DB6-ADD4-B17EB2E46450}.Debug|Any CPU.ActiveCfg = Debug|Any CPU
		{878BD700-FB44-4DB6-ADD4-B17EB2E46450}.Debug|Any CPU.Build.0 = Debug|Any CPU
		{878BD700-FB44-4DB6-ADD4-B17EB2E46450}.Release|Any CPU.ActiveCfg = Release|Any CPU
		{878BD700-FB44-4DB6-ADD4-B17EB2E46450}.Release|Any CPU.Build.0 = Release|Any CPU
		{37207B50-6288-4279-8160-0717400C3413}.Debug|Any CPU.ActiveCfg = Debug|Any CPU
		{37207B50-6288-4279-8160-0717400C3413}.Debug|Any CPU.Build.0 = Debug|Any CPU
		{37207B50-6288-4279-8160-0717400C3413}.Release|Any CPU.ActiveCfg = Release|Any CPU
		{37207B50-6288-4279-8160-0717400C3413}.Release|Any CPU.Build.0 = Release|Any CPU
		{6F0C3852-01F3-4BFC-A650-40E3553CC219}.Debug|Any CPU.ActiveCfg = Debug|Any CPU
		{6F0C3852-01F3-4BFC-A650-40E3553CC219}.Debug|Any CPU.Build.0 = Debug|Any CPU
		{6F0C3852-01F3-4BFC-A650-40E3553CC219}.Release|Any CPU.ActiveCfg = Release|Any CPU
		{6F0C3852-01F3-4BFC-A650-40E3553CC219}.Release|Any CPU.Build.0 = Release|Any CPU
		{AD9D80AF-FF77-44AE-991C-C93C5EDFB464}.Debug|Any CPU.ActiveCfg = Debug|Any CPU
		{AD9D80AF-FF77-44AE-991C-C93C5EDFB464}.Debug|Any CPU.Build.0 = Debug|Any CPU
		{AD9D80AF-FF77-44AE-991C-C93C5EDFB464}.Release|Any CPU.ActiveCfg = Release|Any CPU
		{AD9D80AF-FF77-44AE-991C-C93C5EDFB464}.Release|Any CPU.Build.0 = Release|Any CPU
		{D6384FE1-3AF0-4BFA-BA20-1C3A77E1D540}.Debug|Any CPU.ActiveCfg = Debug|Any CPU
		{D6384FE1-3AF0-4BFA-BA20-1C3A77E1D540}.Debug|Any CPU.Build.0 = Debug|Any CPU
		{D6384FE1-3AF0-4BFA-BA20-1C3A77E1D540}.Release|Any CPU.ActiveCfg = Release|Any CPU
		{D6384FE1-3AF0-4BFA-BA20-1C3A77E1D540}.Release|Any CPU.Build.0 = Release|Any CPU
	EndGlobalSection
	GlobalSection(SolutionProperties) = preSolution
		HideSolutionNode = FALSE
	EndGlobalSection
	GlobalSection(ExtensibilityGlobals) = postSolution
		SolutionGuid = {081F22B6-D12A-416F-8E55-148ED3D9F40B}
	EndGlobalSection
EndGlobal
